{
  "originHash" : "4bef6e3970848777a5225a1cc77476bf5304c0d37fb2eb150910d7a41f14d1e5",
  "pins" : [
    {
      "identity" : "idisposable",
      "kind" : "remoteSourceControl",
      "location" : "https://github.com/randymarsh77/idisposable",
      "state" : {
        "branch" : "master",
        "revision" : "768542b13317f12238d7ccdcbde3110cf0ecbb32"
      }
    }
  ],
  "version" : 3
}
